
Microsoft Visual Studio Solution File, Format Version 12.00
# Visual Studio Version 16
VisualStudioVersion = 16.0.30907.101
MinimumVisualStudioVersion = 10.0.40219.1
Project("{9A19103F-16F7-4668-BE54-9A1E7A4F7556}") = "JPN-SentenceAPI", "JPN-SentenceAPI\JPN-SentenceAPI.csproj", "{995A6956-9F12-4E27-83D6-0905889B9477}"
EndProject
Project("{FAE04EC0-301F-11D3-BF4B-00C04F79EFBC}") = "JPN-Sentence.core", "JPN-Sentence.core\JPN-Sentence.core.csproj", "{557A468D-A879-4774-BA89-1B18A671C5BB}"
EndProject
Global
	GlobalSection(SolutionConfigurationPlatforms) = preSolution
		Debug|Any CPU = Debug|Any CPU
		Release|Any CPU = Release|Any CPU
	EndGlobalSection
	GlobalSection(ProjectConfigurationPlatforms) = postSolution
		{995A6956-9F12-4E27-83D6-0905889B9477}.Debug|Any CPU.ActiveCfg = Debug|Any CPU
		{995A6956-9F12-4E27-83D6-0905889B9477}.Debug|Any CPU.Build.0 = Debug|Any CPU
		{995A6956-9F12-4E27-83D6-0905889B9477}.Release|Any CPU.ActiveCfg = Release|Any CPU
		{995A6956-9F12-4E27-83D6-0905889B9477}.Release|Any CPU.Build.0 = Release|Any CPU
		{557A468D-A879-4774-BA89-1B18A671C5BB}.Debug|Any CPU.ActiveCfg = Debug|Any CPU
		{557A468D-A879-4774-BA89-1B18A671C5BB}.Debug|Any CPU.Build.0 = Debug|Any CPU
		{557A468D-A879-4774-BA89-1B18A671C5BB}.Release|Any CPU.ActiveCfg = Release|Any CPU
		{557A468D-A879-4774-BA89-1B18A671C5BB}.Release|Any CPU.Build.0 = Release|Any CPU
	EndGlobalSection
	GlobalSection(SolutionProperties) = preSolution
		HideSolutionNode = FALSE
	EndGlobalSection
	GlobalSection(ExtensibilityGlobals) = postSolution
		SolutionGuid = {3283DE7F-E3D6-4B5C-A125-0806DD99B0F1}
	EndGlobalSection
EndGlobal
